
Microsoft Visual Studio Solution File, Format Version 12.00
# Visual Studio 15
VisualStudioVersion = 15.0.27004.2009
MinimumVisualStudioVersion = 10.0.40219.1
Project("{FAE04EC0-301F-11D3-BF4B-00C04F79EFBC}") = "proiect pssc", "proiect pssc\proiect pssc.csproj", "{92D386AA-5892-4B21-8861-3605333E23BD}"
EndProject
Project("{FAE04EC0-301F-11D3-BF4B-00C04F79EFBC}") = "Model.AdministratorParc", "AdministratorParc\Model.AdministratorParc.csproj", "{EB12DAD1-BEFF-44AC-80D9-76C02051DBA0}"
EndProject
Project("{2150E333-8FDC-42A3-9474-1A3956D46DE8}") = "Model", "Model", "{94C7D463-40B3-4C82-87BD-81A4C5507C28}"
EndProject
Project("{FAE04EC0-301F-11D3-BF4B-00C04F79EFBC}") = "Model.Client", "Model.Client\Model.Client.csproj", "{431AD32C-C292-437C-BAB8-B89022DA1AEE}"
EndProject
Project("{FAE04EC0-301F-11D3-BF4B-00C04F79EFBC}") = "Model.Masina", "Model.Masina\Model.Masina.csproj", "{F9D860A9-8C60-42B9-B4F0-57FD12C3C3AD}"
EndProject
Project("{FAE04EC0-301F-11D3-BF4B-00C04F79EFBC}") = "Model.Dealer", "Model.Dealer\Model.Dealer.csproj", "{9D04222C-D079-4CDD-AD36-93D162F3BE88}"
EndProject
Project("{FAE04EC0-301F-11D3-BF4B-00C04F79EFBC}") = "Model.Generic", "Model.Generic\Model.Generic.csproj", "{69477FCA-2763-4052-8696-D18E6753D9AE}"
EndProject
Project("{FAE04EC0-301F-11D3-BF4B-00C04F79EFBC}") = "IterfataUtilizator", "IterfataUtilizator\IterfataUtilizator.csproj", "{1CFAB60F-DD69-482A-8F3C-B4557DEBA433}"
EndProject
Global
	GlobalSection(SolutionConfigurationPlatforms) = preSolution
		Debug|Any CPU = Debug|Any CPU
		Release|Any CPU = Release|Any CPU
	EndGlobalSection
	GlobalSection(ProjectConfigurationPlatforms) = postSolution
		{92D386AA-5892-4B21-8861-3605333E23BD}.Debug|Any CPU.ActiveCfg = Debug|Any CPU
		{92D386AA-5892-4B21-8861-3605333E23BD}.Debug|Any CPU.Build.0 = Debug|Any CPU
		{92D386AA-5892-4B21-8861-3605333E23BD}.Release|Any CPU.ActiveCfg = Release|Any CPU
		{92D386AA-5892-4B21-8861-3605333E23BD}.Release|Any CPU.Build.0 = Release|Any CPU
		{EB12DAD1-BEFF-44AC-80D9-76C02051DBA0}.Debug|Any CPU.ActiveCfg = Debug|Any CPU
		{EB12DAD1-BEFF-44AC-80D9-76C02051DBA0}.Debug|Any CPU.Build.0 = Debug|Any CPU
		{EB12DAD1-BEFF-44AC-80D9-76C02051DBA0}.Release|Any CPU.ActiveCfg = Release|Any CPU
		{EB12DAD1-BEFF-44AC-80D9-76C02051DBA0}.Release|Any CPU.Build.0 = Release|Any CPU
		{431AD32C-C292-437C-BAB8-B89022DA1AEE}.Debug|Any CPU.ActiveCfg = Debug|Any CPU
		{431AD32C-C292-437C-BAB8-B89022DA1AEE}.Debug|Any CPU.Build.0 = Debug|Any CPU
		{431AD32C-C292-437C-BAB8-B89022DA1AEE}.Release|Any CPU.ActiveCfg = Release|Any CPU
		{431AD32C-C292-437C-BAB8-B89022DA1AEE}.Release|Any CPU.Build.0 = Release|Any CPU
		{F9D860A9-8C60-42B9-B4F0-57FD12C3C3AD}.Debug|Any CPU.ActiveCfg = Debug|Any CPU
		{F9D860A9-8C60-42B9-B4F0-57FD12C3C3AD}.Debug|Any CPU.Build.0 = Debug|Any CPU
		{F9D860A9-8C60-42B9-B4F0-57FD12C3C3AD}.Release|Any CPU.ActiveCfg = Release|Any CPU
		{F9D860A9-8C60-42B9-B4F0-57FD12C3C3AD}.Release|Any CPU.Build.0 = Release|Any CPU
		{9D04222C-D079-4CDD-AD36-93D162F3BE88}.Debug|Any CPU.ActiveCfg = Debug|Any CPU
		{9D04222C-D079-4CDD-AD36-93D162F3BE88}.Debug|Any CPU.Build.0 = Debug|Any CPU
		{9D04222C-D079-4CDD-AD36-93D162F3BE88}.Release|Any CPU.ActiveCfg = Release|Any CPU
		{9D04222C-D079-4CDD-AD36-93D162F3BE88}.Release|Any CPU.Build.0 = Release|Any CPU
		{69477FCA-2763-4052-8696-D18E6753D9AE}.Debug|Any CPU.ActiveCfg = Debug|Any CPU
		{69477FCA-2763-4052-8696-D18E6753D9AE}.Debug|Any CPU.Build.0 = Debug|Any CPU
		{69477FCA-2763-4052-8696-D18E6753D9AE}.Release|Any CPU.ActiveCfg = Release|Any CPU
		{69477FCA-2763-4052-8696-D18E6753D9AE}.Release|Any CPU.Build.0 = Release|Any CPU
		{1CFAB60F-DD69-482A-8F3C-B4557DEBA433}.Debug|Any CPU.ActiveCfg = Debug|Any CPU
		{1CFAB60F-DD69-482A-8F3C-B4557DEBA433}.Debug|Any CPU.Build.0 = Debug|Any CPU
		{1CFAB60F-DD69-482A-8F3C-B4557DEBA433}.Release|Any CPU.ActiveCfg = Release|Any CPU
		{1CFAB60F-DD69-482A-8F3C-B4557DEBA433}.Release|Any CPU.Build.0 = Release|Any CPU
	EndGlobalSection
	GlobalSection(SolutionProperties) = preSolution
		HideSolutionNode = FALSE
	EndGlobalSection
	GlobalSection(NestedProjects) = preSolution
		{EB12DAD1-BEFF-44AC-80D9-76C02051DBA0} = {94C7D463-40B3-4C82-87BD-81A4C5507C28}
		{431AD32C-C292-437C-BAB8-B89022DA1AEE} = {94C7D463-40B3-4C82-87BD-81A4C5507C28}
		{F9D860A9-8C60-42B9-B4F0-57FD12C3C3AD} = {94C7D463-40B3-4C82-87BD-81A4C5507C28}
		{9D04222C-D079-4CDD-AD36-93D162F3BE88} = {94C7D463-40B3-4C82-87BD-81A4C5507C28}
		{69477FCA-2763-4052-8696-D18E6753D9AE} = {94C7D463-40B3-4C82-87BD-81A4C5507C28}
	EndGlobalSection
	GlobalSection(ExtensibilityGlobals) = postSolution
		SolutionGuid = {090EB4C1-D05B-4A00-904A-F4748A7A8220}
	EndGlobalSection
EndGlobal
