
Microsoft Visual Studio Solution File, Format Version 12.00
# Visual Studio 15
VisualStudioVersion = 15.0.27004.2009
MinimumVisualStudioVersion = 10.0.40219.1
Project("{FAE04EC0-301F-11D3-BF4B-00C04F79EFBC}") = "proiect pssc", "proiect pssc\proiect pssc.csproj", "{92D386AA-5892-4B21-8861-3605333E23BD}"
EndProject
Project("{FAE04EC0-301F-11D3-BF4B-00C04F79EFBC}") = "IterfataUtilizator", "IterfataUtilizator\IterfataUtilizator.csproj", "{1CFAB60F-DD69-482A-8F3C-B4557DEBA433}"
EndProject
Global
	GlobalSection(SolutionConfigurationPlatforms) = preSolution
		Debug|Any CPU = Debug|Any CPU
		Release|Any CPU = Release|Any CPU
	EndGlobalSection
	GlobalSection(ProjectConfigurationPlatforms) = postSolution
		{92D386AA-5892-4B21-8861-3605333E23BD}.Debug|Any CPU.ActiveCfg = Debug|Any CPU
		{92D386AA-5892-4B21-8861-3605333E23BD}.Debug|Any CPU.Build.0 = Debug|Any CPU
		{92D386AA-5892-4B21-8861-3605333E23BD}.Release|Any CPU.ActiveCfg = Release|Any CPU
		{92D386AA-5892-4B21-8861-3605333E23BD}.Release|Any CPU.Build.0 = Release|Any CPU
		{1CFAB60F-DD69-482A-8F3C-B4557DEBA433}.Debug|Any CPU.ActiveCfg = Debug|Any CPU
		{1CFAB60F-DD69-482A-8F3C-B4557DEBA433}.Debug|Any CPU.Build.0 = Debug|Any CPU
		{1CFAB60F-DD69-482A-8F3C-B4557DEBA433}.Release|Any CPU.ActiveCfg = Release|Any CPU
		{1CFAB60F-DD69-482A-8F3C-B4557DEBA433}.Release|Any CPU.Build.0 = Release|Any CPU
	EndGlobalSection
	GlobalSection(SolutionProperties) = preSolution
		HideSolutionNode = FALSE
	EndGlobalSection
	GlobalSection(ExtensibilityGlobals) = postSolution
		SolutionGuid = {090EB4C1-D05B-4A00-904A-F4748A7A8220}
	EndGlobalSection
EndGlobal
